// !$*UTF8*$!
{
	archiveVersion = 1;
	classes = {
	};
	objectVersion = 56;
	objects = {

/* Begin PBXBuildFile section */
		6CEA9D5D28ED8A6E0052B403 /* UIImage + extension.swift in Sources */ = {isa = PBXBuildFile; fileRef = 6CEA9D5C28ED8A6E0052B403 /* UIImage + extension.swift */; };
		6CEA9D6028ED8BA00052B403 /* Constraint.swift in Sources */ = {isa = PBXBuildFile; fileRef = 6CEA9D5F28ED8BA00052B403 /* Constraint.swift */; };
		6CF8C25028ED7E4300496057 /* AppDelegate.swift in Sources */ = {isa = PBXBuildFile; fileRef = 6CF8C24F28ED7E4300496057 /* AppDelegate.swift */; };
		6CF8C25228ED7E4300496057 /* SceneDelegate.swift in Sources */ = {isa = PBXBuildFile; fileRef = 6CF8C25128ED7E4300496057 /* SceneDelegate.swift */; };
		6CF8C25428ED7E4300496057 /* ViewController.swift in Sources */ = {isa = PBXBuildFile; fileRef = 6CF8C25328ED7E4300496057 /* ViewController.swift */; };
		6CF8C25928ED7E4500496057 /* Assets.xcassets in Resources */ = {isa = PBXBuildFile; fileRef = 6CF8C25828ED7E4500496057 /* Assets.xcassets */; };
		6CF8C26528ED817F00496057 /* RxCocoa in Frameworks */ = {isa = PBXBuildFile; productRef = 6CF8C26428ED817F00496057 /* RxCocoa */; };
		6CF8C26728ED817F00496057 /* RxRelay in Frameworks */ = {isa = PBXBuildFile; productRef = 6CF8C26628ED817F00496057 /* RxRelay */; };
		6CF8C26928ED817F00496057 /* RxSwift in Frameworks */ = {isa = PBXBuildFile; productRef = 6CF8C26828ED817F00496057 /* RxSwift */; };
		6CF8C26C28ED818B00496057 /* RxAppState in Frameworks */ = {isa = PBXBuildFile; productRef = 6CF8C26B28ED818B00496057 /* RxAppState */; };
		6CF8C26F28ED819700496057 /* SnapKit in Frameworks */ = {isa = PBXBuildFile; productRef = 6CF8C26E28ED819700496057 /* SnapKit */; };
		6CF8C27228ED81A300496057 /* Alamofire in Frameworks */ = {isa = PBXBuildFile; productRef = 6CF8C27128ED81A300496057 /* Alamofire */; };
		6CF8C27428ED825900496057 /* .swiftlint.yml in Resources */ = {isa = PBXBuildFile; fileRef = 6CF8C27328ED825900496057 /* .swiftlint.yml */; };
/* End PBXBuildFile section */

/* Begin PBXFileReference section */
		6CEA9D5C28ED8A6E0052B403 /* UIImage + extension.swift */ = {isa = PBXFileReference; lastKnownFileType = sourcecode.swift; path = "UIImage + extension.swift"; sourceTree = "<group>"; };
		6CEA9D5F28ED8BA00052B403 /* Constraint.swift */ = {isa = PBXFileReference; lastKnownFileType = sourcecode.swift; path = Constraint.swift; sourceTree = "<group>"; };
		6CF8C24C28ED7E4300496057 /* VaccinCenter.app */ = {isa = PBXFileReference; explicitFileType = wrapper.application; includeInIndex = 0; path = VaccinCenter.app; sourceTree = BUILT_PRODUCTS_DIR; };
		6CF8C24F28ED7E4300496057 /* AppDelegate.swift */ = {isa = PBXFileReference; lastKnownFileType = sourcecode.swift; path = AppDelegate.swift; sourceTree = "<group>"; };
		6CF8C25128ED7E4300496057 /* SceneDelegate.swift */ = {isa = PBXFileReference; lastKnownFileType = sourcecode.swift; path = SceneDelegate.swift; sourceTree = "<group>"; };
		6CF8C25328ED7E4300496057 /* ViewController.swift */ = {isa = PBXFileReference; lastKnownFileType = sourcecode.swift; path = ViewController.swift; sourceTree = "<group>"; };
		6CF8C25828ED7E4500496057 /* Assets.xcassets */ = {isa = PBXFileReference; lastKnownFileType = folder.assetcatalog; path = Assets.xcassets; sourceTree = "<group>"; };
		6CF8C25D28ED7E4500496057 /* Info.plist */ = {isa = PBXFileReference; lastKnownFileType = text.plist.xml; path = Info.plist; sourceTree = "<group>"; };
		6CF8C27328ED825900496057 /* .swiftlint.yml */ = {isa = PBXFileReference; lastKnownFileType = text.yaml; path = .swiftlint.yml; sourceTree = "<group>"; };
/* End PBXFileReference section */

/* Begin PBXFrameworksBuildPhase section */
		6CF8C24928ED7E4300496057 /* Frameworks */ = {
			isa = PBXFrameworksBuildPhase;
			buildActionMask = 2147483647;
			files = (
				6CF8C26928ED817F00496057 /* RxSwift in Frameworks */,
				6CF8C26728ED817F00496057 /* RxRelay in Frameworks */,
				6CF8C26C28ED818B00496057 /* RxAppState in Frameworks */,
				6CF8C27228ED81A300496057 /* Alamofire in Frameworks */,
				6CF8C26528ED817F00496057 /* RxCocoa in Frameworks */,
				6CF8C26F28ED819700496057 /* SnapKit in Frameworks */,
			);
			runOnlyForDeploymentPostprocessing = 0;
		};
/* End PBXFrameworksBuildPhase section */

/* Begin PBXGroup section */
		6CEA9D5B28ED8A5B0052B403 /* Extension */ = {
			isa = PBXGroup;
			children = (
				6CEA9D5C28ED8A6E0052B403 /* UIImage + extension.swift */,
			);
			path = Extension;
			sourceTree = "<group>";
		};
		6CEA9D5E28ED8B970052B403 /* Support */ = {
			isa = PBXGroup;
			children = (
				6CEA9D5F28ED8BA00052B403 /* Constraint.swift */,
			);
			path = Support;
			sourceTree = "<group>";
		};
		6CF8C24328ED7E4300496057 = {
			isa = PBXGroup;
			children = (
				6CF8C27328ED825900496057 /* .swiftlint.yml */,
				6CF8C24E28ED7E4300496057 /* VaccinCenter */,
				6CF8C24D28ED7E4300496057 /* Products */,
			);
			sourceTree = "<group>";
		};
		6CF8C24D28ED7E4300496057 /* Products */ = {
			isa = PBXGroup;
			children = (
				6CF8C24C28ED7E4300496057 /* VaccinCenter.app */,
			);
			name = Products;
			sourceTree = "<group>";
		};
		6CF8C24E28ED7E4300496057 /* VaccinCenter */ = {
			isa = PBXGroup;
			children = (
				6CEA9D5E28ED8B970052B403 /* Support */,
				6CEA9D5B28ED8A5B0052B403 /* Extension */,
				6CF8C24F28ED7E4300496057 /* AppDelegate.swift */,
				6CF8C25128ED7E4300496057 /* SceneDelegate.swift */,
				6CF8C25328ED7E4300496057 /* ViewController.swift */,
				6CF8C25828ED7E4500496057 /* Assets.xcassets */,
				6CF8C25D28ED7E4500496057 /* Info.plist */,
			);
			path = VaccinCenter;
			sourceTree = "<group>";
		};
/* End PBXGroup section */

/* Begin PBXNativeTarget section */
		6CF8C24B28ED7E4300496057 /* VaccinCenter */ = {
			isa = PBXNativeTarget;
			buildConfigurationList = 6CF8C26028ED7E4500496057 /* Build configuration list for PBXNativeTarget "VaccinCenter" */;
			buildPhases = (
				6CF8C24828ED7E4300496057 /* Sources */,
				6CF8C24928ED7E4300496057 /* Frameworks */,
				6CF8C24A28ED7E4300496057 /* Resources */,
				6CF8C27528ED82A200496057 /* ShellScript */,
			);
			buildRules = (
			);
			dependencies = (
			);
			name = VaccinCenter;
			packageProductDependencies = (
				6CF8C26428ED817F00496057 /* RxCocoa */,
				6CF8C26628ED817F00496057 /* RxRelay */,
				6CF8C26828ED817F00496057 /* RxSwift */,
				6CF8C26B28ED818B00496057 /* RxAppState */,
				6CF8C26E28ED819700496057 /* SnapKit */,
				6CF8C27128ED81A300496057 /* Alamofire */,
			);
			productName = VaccinCenter;
			productReference = 6CF8C24C28ED7E4300496057 /* VaccinCenter.app */;
			productType = "com.apple.product-type.application";
		};
/* End PBXNativeTarget section */

/* Begin PBXProject section */
		6CF8C24428ED7E4300496057 /* Project object */ = {
			isa = PBXProject;
			attributes = {
				BuildIndependentTargetsInParallel = 1;
				LastSwiftUpdateCheck = 1400;
				LastUpgradeCheck = 1400;
				TargetAttributes = {
					6CF8C24B28ED7E4300496057 = {
						CreatedOnToolsVersion = 14.0.1;
					};
				};
			};
			buildConfigurationList = 6CF8C24728ED7E4300496057 /* Build configuration list for PBXProject "VaccinCenter" */;
			compatibilityVersion = "Xcode 14.0";
			developmentRegion = en;
			hasScannedForEncodings = 0;
			knownRegions = (
				en,
				Base,
			);
			mainGroup = 6CF8C24328ED7E4300496057;
			packageReferences = (
				6CF8C26328ED817F00496057 /* XCRemoteSwiftPackageReference "RxSwift" */,
				6CF8C26A28ED818B00496057 /* XCRemoteSwiftPackageReference "RxAppState" */,
				6CF8C26D28ED819700496057 /* XCRemoteSwiftPackageReference "SnapKit" */,
				6CF8C27028ED81A300496057 /* XCRemoteSwiftPackageReference "Alamofire" */,
			);
			productRefGroup = 6CF8C24D28ED7E4300496057 /* Products */;
			projectDirPath = "";
			projectRoot = "";
			targets = (
				6CF8C24B28ED7E4300496057 /* VaccinCenter */,
			);
		};
/* End PBXProject section */

/* Begin PBXResourcesBuildPhase section */
		6CF8C24A28ED7E4300496057 /* Resources */ = {
			isa = PBXResourcesBuildPhase;
			buildActionMask = 2147483647;
			files = (
				6CF8C27428ED825900496057 /* .swiftlint.yml in Resources */,
				6CF8C25928ED7E4500496057 /* Assets.xcassets in Resources */,
			);
			runOnlyForDeploymentPostprocessing = 0;
		};
/* End PBXResourcesBuildPhase section */

/* Begin PBXShellScriptBuildPhase section */
		6CF8C27528ED82A200496057 /* ShellScript */ = {
			isa = PBXShellScriptBuildPhase;
			buildActionMask = 2147483647;
			files = (
			);
			inputFileListPaths = (
			);
			inputPaths = (
			);
			outputFileListPaths = (
			);
			outputPaths = (
			);
			runOnlyForDeploymentPostprocessing = 0;
			shellPath = /bin/sh;
			shellScript = "export PATH=\"$PATH:/opt/homebrew/bin\"\nif which swiftlint > /dev/null; then\n  swiftlint\nelse\n  echo \"warning: SwiftLint not installed, download from https://github.com/realm/SwiftLint\"\nfi\n";
		};
/* End PBXShellScriptBuildPhase section */

/* Begin PBXSourcesBuildPhase section */
		6CF8C24828ED7E4300496057 /* Sources */ = {
			isa = PBXSourcesBuildPhase;
			buildActionMask = 2147483647;
			files = (
				6CF8C25428ED7E4300496057 /* ViewController.swift in Sources */,
				6CEA9D6028ED8BA00052B403 /* Constraint.swift in Sources */,
				6CEA9D5D28ED8A6E0052B403 /* UIImage + extension.swift in Sources */,
				6CF8C25028ED7E4300496057 /* AppDelegate.swift in Sources */,
				6CF8C25228ED7E4300496057 /* SceneDelegate.swift in Sources */,
			);
			runOnlyForDeploymentPostprocessing = 0;
		};
/* End PBXSourcesBuildPhase section */

/* Begin XCBuildConfiguration section */
		6CF8C25E28ED7E4500496057 /* Debug */ = {
			isa = XCBuildConfiguration;
			buildSettings = {
				ALWAYS_SEARCH_USER_PATHS = NO;
				CLANG_ANALYZER_NONNULL = YES;
				CLANG_ANALYZER_NUMBER_OBJECT_CONVERSION = YES_AGGRESSIVE;
				CLANG_CXX_LANGUAGE_STANDARD = "gnu++20";
				CLANG_ENABLE_MODULES = YES;
				CLANG_ENABLE_OBJC_ARC = YES;
				CLANG_ENABLE_OBJC_WEAK = YES;
				CLANG_WARN_BLOCK_CAPTURE_AUTORELEASING = YES;
				CLANG_WARN_BOOL_CONVERSION = YES;
				CLANG_WARN_COMMA = YES;
				CLANG_WARN_CONSTANT_CONVERSION = YES;
				CLANG_WARN_DEPRECATED_OBJC_IMPLEMENTATIONS = YES;
				CLANG_WARN_DIRECT_OBJC_ISA_USAGE = YES_ERROR;
				CLANG_WARN_DOCUMENTATION_COMMENTS = YES;
				CLANG_WARN_EMPTY_BODY = YES;
				CLANG_WARN_ENUM_CONVERSION = YES;
				CLANG_WARN_INFINITE_RECURSION = YES;
				CLANG_WARN_INT_CONVERSION = YES;
				CLANG_WARN_NON_LITERAL_NULL_CONVERSION = YES;
				CLANG_WARN_OBJC_IMPLICIT_RETAIN_SELF = YES;
				CLANG_WARN_OBJC_LITERAL_CONVERSION = YES;
				CLANG_WARN_OBJC_ROOT_CLASS = YES_ERROR;
				CLANG_WARN_QUOTED_INCLUDE_IN_FRAMEWORK_HEADER = YES;
				CLANG_WARN_RANGE_LOOP_ANALYSIS = YES;
				CLANG_WARN_STRICT_PROTOTYPES = YES;
				CLANG_WARN_SUSPICIOUS_MOVE = YES;
				CLANG_WARN_UNGUARDED_AVAILABILITY = YES_AGGRESSIVE;
				CLANG_WARN_UNREACHABLE_CODE = YES;
				CLANG_WARN__DUPLICATE_METHOD_MATCH = YES;
				COPY_PHASE_STRIP = NO;
				DEBUG_INFORMATION_FORMAT = dwarf;
				ENABLE_STRICT_OBJC_MSGSEND = YES;
				ENABLE_TESTABILITY = YES;
				GCC_C_LANGUAGE_STANDARD = gnu11;
				GCC_DYNAMIC_NO_PIC = NO;
				GCC_NO_COMMON_BLOCKS = YES;
				GCC_OPTIMIZATION_LEVEL = 0;
				GCC_PREPROCESSOR_DEFINITIONS = (
					"DEBUG=1",
					"$(inherited)",
				);
				GCC_WARN_64_TO_32_BIT_CONVERSION = YES;
				GCC_WARN_ABOUT_RETURN_TYPE = YES_ERROR;
				GCC_WARN_UNDECLARED_SELECTOR = YES;
				GCC_WARN_UNINITIALIZED_AUTOS = YES_AGGRESSIVE;
				GCC_WARN_UNUSED_FUNCTION = YES;
				GCC_WARN_UNUSED_VARIABLE = YES;
				IPHONEOS_DEPLOYMENT_TARGET = 16.0;
				MTL_ENABLE_DEBUG_INFO = INCLUDE_SOURCE;
				MTL_FAST_MATH = YES;
				ONLY_ACTIVE_ARCH = YES;
				SDKROOT = iphoneos;
				SWIFT_ACTIVE_COMPILATION_CONDITIONS = DEBUG;
				SWIFT_OPTIMIZATION_LEVEL = "-Onone";
			};
			name = Debug;
		};
		6CF8C25F28ED7E4500496057 /* Release */ = {
			isa = XCBuildConfiguration;
			buildSettings = {
				ALWAYS_SEARCH_USER_PATHS = NO;
				CLANG_ANALYZER_NONNULL = YES;
				CLANG_ANALYZER_NUMBER_OBJECT_CONVERSION = YES_AGGRESSIVE;
				CLANG_CXX_LANGUAGE_STANDARD = "gnu++20";
				CLANG_ENABLE_MODULES = YES;
				CLANG_ENABLE_OBJC_ARC = YES;
				CLANG_ENABLE_OBJC_WEAK = YES;
				CLANG_WARN_BLOCK_CAPTURE_AUTORELEASING = YES;
				CLANG_WARN_BOOL_CONVERSION = YES;
				CLANG_WARN_COMMA = YES;
				CLANG_WARN_CONSTANT_CONVERSION = YES;
				CLANG_WARN_DEPRECATED_OBJC_IMPLEMENTATIONS = YES;
				CLANG_WARN_DIRECT_OBJC_ISA_USAGE = YES_ERROR;
				CLANG_WARN_DOCUMENTATION_COMMENTS = YES;
				CLANG_WARN_EMPTY_BODY = YES;
				CLANG_WARN_ENUM_CONVERSION = YES;
				CLANG_WARN_INFINITE_RECURSION = YES;
				CLANG_WARN_INT_CONVERSION = YES;
				CLANG_WARN_NON_LITERAL_NULL_CONVERSION = YES;
				CLANG_WARN_OBJC_IMPLICIT_RETAIN_SELF = YES;
				CLANG_WARN_OBJC_LITERAL_CONVERSION = YES;
				CLANG_WARN_OBJC_ROOT_CLASS = YES_ERROR;
				CLANG_WARN_QUOTED_INCLUDE_IN_FRAMEWORK_HEADER = YES;
				CLANG_WARN_RANGE_LOOP_ANALYSIS = YES;
				CLANG_WARN_STRICT_PROTOTYPES = YES;
				CLANG_WARN_SUSPICIOUS_MOVE = YES;
				CLANG_WARN_UNGUARDED_AVAILABILITY = YES_AGGRESSIVE;
				CLANG_WARN_UNREACHABLE_CODE = YES;
				CLANG_WARN__DUPLICATE_METHOD_MATCH = YES;
				COPY_PHASE_STRIP = NO;
				DEBUG_INFORMATION_FORMAT = "dwarf-with-dsym";
				ENABLE_NS_ASSERTIONS = NO;
				ENABLE_STRICT_OBJC_MSGSEND = YES;
				GCC_C_LANGUAGE_STANDARD = gnu11;
				GCC_NO_COMMON_BLOCKS = YES;
				GCC_WARN_64_TO_32_BIT_CONVERSION = YES;
				GCC_WARN_ABOUT_RETURN_TYPE = YES_ERROR;
				GCC_WARN_UNDECLARED_SELECTOR = YES;
				GCC_WARN_UNINITIALIZED_AUTOS = YES_AGGRESSIVE;
				GCC_WARN_UNUSED_FUNCTION = YES;
				GCC_WARN_UNUSED_VARIABLE = YES;
				IPHONEOS_DEPLOYMENT_TARGET = 16.0;
				MTL_ENABLE_DEBUG_INFO = NO;
				MTL_FAST_MATH = YES;
				SDKROOT = iphoneos;
				SWIFT_COMPILATION_MODE = wholemodule;
				SWIFT_OPTIMIZATION_LEVEL = "-O";
				VALIDATE_PRODUCT = YES;
			};
			name = Release;
		};
		6CF8C26128ED7E4500496057 /* Debug */ = {
			isa = XCBuildConfiguration;
			buildSettings = {
				ASSETCATALOG_COMPILER_APPICON_NAME = AppIcon;
				ASSETCATALOG_COMPILER_GLOBAL_ACCENT_COLOR_NAME = AccentColor;
				CODE_SIGN_STYLE = Automatic;
				CURRENT_PROJECT_VERSION = 1;
				DEVELOPMENT_TEAM = J3CMN6PKN2;
				GENERATE_INFOPLIST_FILE = YES;
				INFOPLIST_FILE = VaccinCenter/Info.plist;
				INFOPLIST_KEY_UIApplicationSupportsIndirectInputEvents = YES;
				INFOPLIST_KEY_UILaunchStoryboardName = LaunchScreen;
				INFOPLIST_KEY_UIMainStoryboardFile = "";
				INFOPLIST_KEY_UISupportedInterfaceOrientations_iPad = "UIInterfaceOrientationPortrait UIInterfaceOrientationPortraitUpsideDown UIInterfaceOrientationLandscapeLeft UIInterfaceOrientationLandscapeRight";
				INFOPLIST_KEY_UISupportedInterfaceOrientations_iPhone = "UIInterfaceOrientationPortrait UIInterfaceOrientationLandscapeLeft UIInterfaceOrientationLandscapeRight";
				IPHONEOS_DEPLOYMENT_TARGET = 14.0;
				LD_RUNPATH_SEARCH_PATHS = (
					"$(inherited)",
					"@executable_path/Frameworks",
				);
				MARKETING_VERSION = 1.0;
				PRODUCT_BUNDLE_IDENTIFIER = com.VaccinCenter;
				PRODUCT_NAME = "$(TARGET_NAME)";
				SWIFT_EMIT_LOC_STRINGS = YES;
				SWIFT_VERSION = 5.0;
				TARGETED_DEVICE_FAMILY = "1,2";
			};
			name = Debug;
		};
		6CF8C26228ED7E4500496057 /* Release */ = {
			isa = XCBuildConfiguration;
			buildSettings = {
				ASSETCATALOG_COMPILER_APPICON_NAME = AppIcon;
				ASSETCATALOG_COMPILER_GLOBAL_ACCENT_COLOR_NAME = AccentColor;
				CODE_SIGN_STYLE = Automatic;
				CURRENT_PROJECT_VERSION = 1;
				DEVELOPMENT_TEAM = J3CMN6PKN2;
				GENERATE_INFOPLIST_FILE = YES;
				INFOPLIST_FILE = VaccinCenter/Info.plist;
				INFOPLIST_KEY_UIApplicationSupportsIndirectInputEvents = YES;
				INFOPLIST_KEY_UILaunchStoryboardName = LaunchScreen;
				INFOPLIST_KEY_UIMainStoryboardFile = "";
				INFOPLIST_KEY_UISupportedInterfaceOrientations_iPad = "UIInterfaceOrientationPortrait UIInterfaceOrientationPortraitUpsideDown UIInterfaceOrientationLandscapeLeft UIInterfaceOrientationLandscapeRight";
				INFOPLIST_KEY_UISupportedInterfaceOrientations_iPhone = "UIInterfaceOrientationPortrait UIInterfaceOrientationLandscapeLeft UIInterfaceOrientationLandscapeRight";
				IPHONEOS_DEPLOYMENT_TARGET = 14.0;
				LD_RUNPATH_SEARCH_PATHS = (
					"$(inherited)",
					"@executable_path/Frameworks",
				);
				MARKETING_VERSION = 1.0;
				PRODUCT_BUNDLE_IDENTIFIER = com.VaccinCenter;
				PRODUCT_NAME = "$(TARGET_NAME)";
				SWIFT_EMIT_LOC_STRINGS = YES;
				SWIFT_VERSION = 5.0;
				TARGETED_DEVICE_FAMILY = "1,2";
			};
			name = Release;
		};
/* End XCBuildConfiguration section */

/* Begin XCConfigurationList section */
		6CF8C24728ED7E4300496057 /* Build configuration list for PBXProject "VaccinCenter" */ = {
			isa = XCConfigurationList;
			buildConfigurations = (
				6CF8C25E28ED7E4500496057 /* Debug */,
				6CF8C25F28ED7E4500496057 /* Release */,
			);
			defaultConfigurationIsVisible = 0;
			defaultConfigurationName = Release;
		};
		6CF8C26028ED7E4500496057 /* Build configuration list for PBXNativeTarget "VaccinCenter" */ = {
			isa = XCConfigurationList;
			buildConfigurations = (
				6CF8C26128ED7E4500496057 /* Debug */,
				6CF8C26228ED7E4500496057 /* Release */,
			);
			defaultConfigurationIsVisible = 0;
			defaultConfigurationName = Release;
		};
/* End XCConfigurationList section */

/* Begin XCRemoteSwiftPackageReference section */
		6CF8C26328ED817F00496057 /* XCRemoteSwiftPackageReference "RxSwift" */ = {
			isa = XCRemoteSwiftPackageReference;
			repositoryURL = "https://github.com/ReactiveX/RxSwift";
			requirement = {
				branch = main;
				kind = branch;
			};
		};
		6CF8C26A28ED818B00496057 /* XCRemoteSwiftPackageReference "RxAppState" */ = {
			isa = XCRemoteSwiftPackageReference;
			repositoryURL = "https://github.com/pixeldock/RxAppState.git";
			requirement = {
				kind = upToNextMajorVersion;
				minimumVersion = 1.0.0;
			};
		};
		6CF8C26D28ED819700496057 /* XCRemoteSwiftPackageReference "SnapKit" */ = {
			isa = XCRemoteSwiftPackageReference;
			repositoryURL = "https://github.com/SnapKit/SnapKit";
			requirement = {
				kind = upToNextMajorVersion;
				minimumVersion = 5.0.0;
			};
		};
		6CF8C27028ED81A300496057 /* XCRemoteSwiftPackageReference "Alamofire" */ = {
			isa = XCRemoteSwiftPackageReference;
			repositoryURL = "https://github.com/Alamofire/Alamofire";
			requirement = {
				kind = upToNextMajorVersion;
				minimumVersion = 5.0.0;
			};
		};
/* End XCRemoteSwiftPackageReference section */

/* Begin XCSwiftPackageProductDependency section */
		6CF8C26428ED817F00496057 /* RxCocoa */ = {
			isa = XCSwiftPackageProductDependency;
			package = 6CF8C26328ED817F00496057 /* XCRemoteSwiftPackageReference "RxSwift" */;
			productName = RxCocoa;
		};
		6CF8C26628ED817F00496057 /* RxRelay */ = {
			isa = XCSwiftPackageProductDependency;
			package = 6CF8C26328ED817F00496057 /* XCRemoteSwiftPackageReference "RxSwift" */;
			productName = RxRelay;
		};
		6CF8C26828ED817F00496057 /* RxSwift */ = {
			isa = XCSwiftPackageProductDependency;
			package = 6CF8C26328ED817F00496057 /* XCRemoteSwiftPackageReference "RxSwift" */;
			productName = RxSwift;
		};
		6CF8C26B28ED818B00496057 /* RxAppState */ = {
			isa = XCSwiftPackageProductDependency;
			package = 6CF8C26A28ED818B00496057 /* XCRemoteSwiftPackageReference "RxAppState" */;
			productName = RxAppState;
		};
		6CF8C26E28ED819700496057 /* SnapKit */ = {
			isa = XCSwiftPackageProductDependency;
			package = 6CF8C26D28ED819700496057 /* XCRemoteSwiftPackageReference "SnapKit" */;
			productName = SnapKit;
		};
		6CF8C27128ED81A300496057 /* Alamofire */ = {
			isa = XCSwiftPackageProductDependency;
			package = 6CF8C27028ED81A300496057 /* XCRemoteSwiftPackageReference "Alamofire" */;
			productName = Alamofire;
		};
/* End XCSwiftPackageProductDependency section */
	};
	rootObject = 6CF8C24428ED7E4300496057 /* Project object */;
}
